
Microsoft Visual Studio Solution File, Format Version 12.00
# Visual Studio 15
VisualStudioVersion = 15.0.28307.271
MinimumVisualStudioVersion = 10.0.40219.1
Project("{FAE04EC0-301F-11D3-BF4B-00C04F79EFBC}") = "Tedu.Common", "Tedu.Common\Tedu.Common.csproj", "{826A7C60-604D-4FE9-8B1C-4A6BAC75DD70}"
EndProject
Project("{FAE04EC0-301F-11D3-BF4B-00C04F79EFBC}") = "TeduShop.Model", "TeduShop.Model\TeduShop.Model.csproj", "{9E9DAAD2-B9BB-44E1-ADA3-13CB238A3DBC}"
EndProject
Project("{FAE04EC0-301F-11D3-BF4B-00C04F79EFBC}") = "TedShop.Data", "TedShop.Data\TedShop.Data.csproj", "{02CEC395-9A9F-4172-BF33-92D64314343F}"
EndProject
Project("{FAE04EC0-301F-11D3-BF4B-00C04F79EFBC}") = "TeduShop.Service", "TeduShop.Service\TeduShop.Service.csproj", "{4BC2ADBC-94A9-4499-9F7C-E8E23FA997D8}"
EndProject
Project("{FAE04EC0-301F-11D3-BF4B-00C04F79EFBC}") = "TeduShop.UnitTest", "TeduShop.UnitTest\TeduShop.UnitTest.csproj", "{AEBDB6DE-5A6B-4B11-AC0B-29CC770200D1}"
EndProject
Project("{FAE04EC0-301F-11D3-BF4B-00C04F79EFBC}") = "TeduShop.Web", "TeduShop.Web\TeduShop.Web.csproj", "{DD9126B3-6863-48BB-B3D3-0C7DFB173F84}"
EndProject
Global
	GlobalSection(SolutionConfigurationPlatforms) = preSolution
		Debug|Any CPU = Debug|Any CPU
		Release|Any CPU = Release|Any CPU
	EndGlobalSection
	GlobalSection(ProjectConfigurationPlatforms) = postSolution
		{826A7C60-604D-4FE9-8B1C-4A6BAC75DD70}.Debug|Any CPU.ActiveCfg = Debug|Any CPU
		{826A7C60-604D-4FE9-8B1C-4A6BAC75DD70}.Debug|Any CPU.Build.0 = Debug|Any CPU
		{826A7C60-604D-4FE9-8B1C-4A6BAC75DD70}.Release|Any CPU.ActiveCfg = Release|Any CPU
		{826A7C60-604D-4FE9-8B1C-4A6BAC75DD70}.Release|Any CPU.Build.0 = Release|Any CPU
		{9E9DAAD2-B9BB-44E1-ADA3-13CB238A3DBC}.Debug|Any CPU.ActiveCfg = Debug|Any CPU
		{9E9DAAD2-B9BB-44E1-ADA3-13CB238A3DBC}.Debug|Any CPU.Build.0 = Debug|Any CPU
		{9E9DAAD2-B9BB-44E1-ADA3-13CB238A3DBC}.Release|Any CPU.ActiveCfg = Release|Any CPU
		{9E9DAAD2-B9BB-44E1-ADA3-13CB238A3DBC}.Release|Any CPU.Build.0 = Release|Any CPU
		{02CEC395-9A9F-4172-BF33-92D64314343F}.Debug|Any CPU.ActiveCfg = Debug|Any CPU
		{02CEC395-9A9F-4172-BF33-92D64314343F}.Debug|Any CPU.Build.0 = Debug|Any CPU
		{02CEC395-9A9F-4172-BF33-92D64314343F}.Release|Any CPU.ActiveCfg = Release|Any CPU
		{02CEC395-9A9F-4172-BF33-92D64314343F}.Release|Any CPU.Build.0 = Release|Any CPU
		{4BC2ADBC-94A9-4499-9F7C-E8E23FA997D8}.Debug|Any CPU.ActiveCfg = Debug|Any CPU
		{4BC2ADBC-94A9-4499-9F7C-E8E23FA997D8}.Debug|Any CPU.Build.0 = Debug|Any CPU
		{4BC2ADBC-94A9-4499-9F7C-E8E23FA997D8}.Release|Any CPU.ActiveCfg = Release|Any CPU
		{4BC2ADBC-94A9-4499-9F7C-E8E23FA997D8}.Release|Any CPU.Build.0 = Release|Any CPU
		{AEBDB6DE-5A6B-4B11-AC0B-29CC770200D1}.Debug|Any CPU.ActiveCfg = Debug|Any CPU
		{AEBDB6DE-5A6B-4B11-AC0B-29CC770200D1}.Debug|Any CPU.Build.0 = Debug|Any CPU
		{AEBDB6DE-5A6B-4B11-AC0B-29CC770200D1}.Release|Any CPU.ActiveCfg = Release|Any CPU
		{AEBDB6DE-5A6B-4B11-AC0B-29CC770200D1}.Release|Any CPU.Build.0 = Release|Any CPU
		{DD9126B3-6863-48BB-B3D3-0C7DFB173F84}.Debug|Any CPU.ActiveCfg = Debug|Any CPU
		{DD9126B3-6863-48BB-B3D3-0C7DFB173F84}.Debug|Any CPU.Build.0 = Debug|Any CPU
		{DD9126B3-6863-48BB-B3D3-0C7DFB173F84}.Release|Any CPU.ActiveCfg = Release|Any CPU
		{DD9126B3-6863-48BB-B3D3-0C7DFB173F84}.Release|Any CPU.Build.0 = Release|Any CPU
	EndGlobalSection
	GlobalSection(SolutionProperties) = preSolution
		HideSolutionNode = FALSE
	EndGlobalSection
	GlobalSection(ExtensibilityGlobals) = postSolution
		SolutionGuid = {620AA3B2-FAEC-454F-A246-D9152950DFC8}
	EndGlobalSection
EndGlobal
